version = 1
requires-python = ">=3.12, <4.0"

[[package]]
name = "aiofiles"
version = "24.1.0"
source = { registry = "https://pypi.org/simple" }
sdist = { url = "https://files.pythonhosted.org/packages/0b/03/a88171e277e8caa88a4c77808c20ebb04ba74cc4681bf1e9416c862de237/aiofiles-24.1.0.tar.gz", hash = "sha256:22a075c9e5a3810f0c2e48f3008c94d68c65d763b9b03857924c99e57355166c", size = 30247 }
wheels = [
    { url = "https://files.pythonhosted.org/packages/a5/45/30bb92d442636f570cb5651bc661f52b610e2eec3f891a5dc3a4c3667db0/aiofiles-24.1.0-py3-none-any.whl", hash = "sha256:b4ec55f4195e3eb5d7abd1bf7e061763e864dd4954231fb8539a0ef8bb8260e5", size = 15896 },
]

[[package]]
name = "annotated-types"
version = "0.7.0"
source = { registry = "https://pypi.org/simple" }
sdist = { url = "https://files.pythonhosted.org/packages/ee/67/531ea369ba64dcff5ec9c3402f9f51bf748cec26dde048a2f973a4eea7f5/annotated_types-0.7.0.tar.gz", hash = "sha256:aff07c09a53a08bc8cfccb9c85b05f1aa9a2a6f23728d790723543408344ce89", size = 16081 }
wheels = [
    { url = "https://files.pythonhosted.org/packages/78/b6/6307fbef88d9b5ee7421e68d78a9f162e0da4900bc5f5793f6d3d0e34fb8/annotated_types-0.7.0-py3-none-any.whl", hash = "sha256:1f02e8b43a8fbbc3f3e0d4f0f4bfc8131bcb4eebe8849b8e5c773f3a1c582a53", size = 13643 },
]

[[package]]
name = "anyio"
version = "4.9.0"
source = { registry = "https://pypi.org/simple" }
dependencies = [
    { name = "idna" },
    { name = "sniffio" },
    { name = "typing-extensions", marker = "python_full_version < '3.13'" },
]
sdist = { url = "https://files.pythonhosted.org/packages/95/7d/4c1bd541d4dffa1b52bd83fb8527089e097a106fc90b467a7313b105f840/anyio-4.9.0.tar.gz", hash = "sha256:673c0c244e15788651a4ff38710fea9675823028a6f08a5eda409e0c9840a028", size = 190949 }
wheels = [
    { url = "https://files.pythonhosted.org/packages/a1/ee/48ca1a7c89ffec8b6a0c5d02b89c305671d5ffd8d3c94acf8b8c408575bb/anyio-4.9.0-py3-none-any.whl", hash = "sha256:9f76d541cad6e36af7beb62e978876f3b41e3e04f2c1fbf0884604c0a9c4d93c", size = 100916 },
]

[[package]]
name = "click"
version = "8.2.1"
source = { registry = "https://pypi.org/simple" }
dependencies = [
    { name = "colorama", marker = "sys_platform == 'win32'" },
]
sdist = { url = "https://files.pythonhosted.org/packages/60/6c/8ca2efa64cf75a977a0d7fac081354553ebe483345c734fb6b6515d96bbc/click-8.2.1.tar.gz", hash = "sha256:27c491cc05d968d271d5a1db13e3b5a184636d9d930f148c50b038f0d0646202", size = 286342 }
wheels = [
    { url = "https://files.pythonhosted.org/packages/85/32/10bb5764d90a8eee674e9dc6f4db6a0ab47c8c4d0d83c27f7c39ac415a4d/click-8.2.1-py3-none-any.whl", hash = "sha256:61a3265b914e850b85317d0b3109c7f8cd35a670f963866005d6ef1d5175a12b", size = 102215 },
]

[[package]]
name = "colorama"
version = "0.4.6"
source = { registry = "https://pypi.org/simple" }
sdist = { url = "https://files.pythonhosted.org/packages/d8/53/6f443c9a4a8358a93a6792e2acffb9d9d5cb0a5cfd8802644b7b1c9a02e4/colorama-0.4.6.tar.gz", hash = "sha256:08695f5cb7ed6e0531a20572697297273c47b8cae5a63ffc6d6ed5c201be6e44", size = 27697 }
wheels = [
    { url = "https://files.pythonhosted.org/packages/d1/d6/3965ed04c63042e047cb6a3e6ed1a63a35087b6a609aa3a15ed8ac56c221/colorama-0.4.6-py2.py3-none-any.whl", hash = "sha256:4f1d9991f5acc0ca119f9d443620b77f9d6b33703e51011c16baf57afb285fc6", size = 25335 },
]

[[package]]
name = "fastapi"
version = "0.116.1"
source = { registry = "https://pypi.org/simple" }
dependencies = [
    { name = "pydantic" },
    { name = "starlette" },
    { name = "typing-extensions" },
]
sdist = { url = "https://files.pythonhosted.org/packages/78/d7/6c8b3bfe33eeffa208183ec037fee0cce9f7f024089ab1c5d12ef04bd27c/fastapi-0.116.1.tar.gz", hash = "sha256:ed52cbf946abfd70c5a0dccb24673f0670deeb517a88b3544d03c2a6bf283143", size = 296485 }
wheels = [
    { url = "https://files.pythonhosted.org/packages/e5/47/d63c60f59a59467fda0f93f46335c9d18526d7071f025cb5b89d5353ea42/fastapi-0.116.1-py3-none-any.whl", hash = "sha256:c46ac7c312df840f0c9e220f7964bada936781bc4e2e6eb71f1c4d7553786565", size = 95631 },
]

[[package]]
name = "fastenumplus"
version = "1.4.0"
source = { registry = "https://pypi.org/simple" }
sdist = { url = "https://files.pythonhosted.org/packages/61/6e/ca9c58a707197b6d961b05875c63ff0b472f8b06dd3f5ee803b7b644c198/fastenumplus-1.4.0.tar.gz", hash = "sha256:b31f6f62b072919416c7da2ae43ec808a3307a967843e8c7af6519e86a7b2265", size = 8916 }
wheels = [
    { url = "https://files.pythonhosted.org/packages/9e/10/de1dba65cb76ead1ddc981e5f21f8e66430174cb5f806d96cf004b0a1136/fastenumplus-1.4.0-py3-none-any.whl", hash = "sha256:256754cd3c16c56d6292bd26d92408a11bf311213d0bea2f44698151212b09bd", size = 7884 },
]

[[package]]
name = "h11"
version = "0.16.0"
source = { registry = "https://pypi.org/simple" }
sdist = { url = "https://files.pythonhosted.org/packages/01/ee/02a2c011bdab74c6fb3c75474d40b3052059d95df7e73351460c8588d963/h11-0.16.0.tar.gz", hash = "sha256:4e35b956cf45792e4caa5885e69fba00bdbc6ffafbfa020300e549b208ee5ff1", size = 101250 }
wheels = [
    { url = "https://files.pythonhosted.org/packages/04/4b/29cac41a4d98d144bf5f6d33995617b185d14b22401f75ca86f384e87ff1/h11-0.16.0-py3-none-any.whl", hash = "sha256:63cf8bbe7522de3bf65932fda1d9c2772064ffb3dae62d55932da54b31cb6c86", size = 37515 },
]

[[package]]
name = "idna"
version = "3.10"
source = { registry = "https://pypi.org/simple" }
sdist = { url = "https://files.pythonhosted.org/packages/f1/70/7703c29685631f5a7590aa73f1f1d3fa9a380e654b86af429e0934a32f7d/idna-3.10.tar.gz", hash = "sha256:12f65c9b470abda6dc35cf8e63cc574b1c52b11df2c86030af0ac09b01b13ea9", size = 190490 }
wheels = [
    { url = "https://files.pythonhosted.org/packages/76/c6/c88e154df9c4e1a2a66ccf0005a88dfb2650c1dffb6f5ce603dfbd452ce3/idna-3.10-py3-none-any.whl", hash = "sha256:946d195a0d259cbba61165e88e65941f16e9b36ea6ddb97f00452bae8b1287d3", size = 70442 },
]

[[package]]
name = "iniconfig"
version = "2.1.0"
source = { registry = "https://pypi.org/simple" }
sdist = { url = "https://files.pythonhosted.org/packages/f2/97/ebf4da567aa6827c909642694d71c9fcf53e5b504f2d96afea02718862f3/iniconfig-2.1.0.tar.gz", hash = "sha256:3abbd2e30b36733fee78f9c7f7308f2d0050e88f0087fd25c2645f63c773e1c7", size = 4793 }
wheels = [
    { url = "https://files.pythonhosted.org/packages/2c/e1/e6716421ea10d38022b952c159d5161ca1193197fb744506875fbb87ea7b/iniconfig-2.1.0-py3-none-any.whl", hash = "sha256:9deba5723312380e77435581c6bf4935c94cbfab9b1ed33ef8d238ea168eb760", size = 6050 },
]

[[package]]
name = "logbook"
version = "1.8.1"
source = { registry = "https://pypi.org/simple" }
sdist = { url = "https://files.pythonhosted.org/packages/79/d1/fb4f16b0eeadb557c1273807245df9dee0fc5f3b7f8aead83600085030c8/logbook-1.8.1.tar.gz", hash = "sha256:221e6f884f035fffd77935802ab47dc0a3aa7c833010cd7b51354649a7eb462d", size = 368031 }
wheels = [
    { url = "https://files.pythonhosted.org/packages/41/6e/9660526f8ff3f7191967c0864e4992edfff13d0c4b8c4da7e0fdb733bd86/logbook-1.8.1-cp312-cp312-macosx_10_13_universal2.whl", hash = "sha256:cae13a3f616027c558b76e34039c262d117ad4cb9064506ec8f29466eb03e76e", size = 198857 },
    { url = "https://files.pythonhosted.org/packages/9d/ff/69a9ea755dacda0a675e32672961ca2946e5964b4d1afcdc1b6251e5e132/logbook-1.8.1-cp312-cp312-macosx_10_13_x86_64.whl", hash = "sha256:c88eec448e23e79b889dc1548a767fecf0b0f37f5270c753fee113f2af2bb2a8", size = 133961 },
    { url = "https://files.pythonhosted.org/packages/57/61/bf4819aa3bdaddb36fe09af4522cb7ea7302dd5cf0c27921b8be824514d3/logbook-1.8.1-cp312-cp312-macosx_11_0_arm64.whl", hash = "sha256:db3e6fa563f1ddc711cac8af2d3fe2a9301dd27e723afe691528161e89c0756a", size = 129230 },
    { url = "https://files.pythonhosted.org/packages/db/d6/420016c985c23e9b9fe5f7ed72676afd0f904c426d118be34fc7d4d2489c/logbook-1.8.1-cp312-cp312-manylinux_2_5_x86_64.manylinux1_x86_64.manylinux_2_17_x86_64.manylinux2014_x86_64.whl", hash = "sha256:27aefba2d67b9c3d752d3b03db24d5747a483f8585312d8fc534447c1a94f9e5", size = 518473 },
    { url = "https://files.pythonhosted.org/packages/d6/45/ccd8615580389669b8472456a8bc1164f36f2f1f2d1e63d6d56d518e6f4a/logbook-1.8.1-cp312-cp312-musllinux_1_2_x86_64.whl", hash = "sha256:8f2bc17673831e5efd9f232317950b360f04d6c8c737f6cac2a239428bedefe0", size = 512155 },
    { url = "https://files.pythonhosted.org/packages/86/4c/7a10a355486e721837fe9c74dd0c646c95082fa8373f71b07e496e55da24/logbook-1.8.1-cp312-cp312-win32.whl", hash = "sha256:3d206ceb1f505518ae87daa9313d67264013075fcfb354fcdfddded3be0baa2b", size = 115942 },
    { url = "https://files.pythonhosted.org/packages/2c/4d/ca07c48f83ea09482cb67d2f2a0fb71e6d375b5244025088bcbe091ce1d0/logbook-1.8.1-cp312-cp312-win_amd64.whl", hash = "sha256:e35c6122a1decaf1c9e9cb0e12b8fada82c5f2bc84dee99cb83ba024998b8a2e", size = 124365 },
    { url = "https://files.pythonhosted.org/packages/ec/95/6c0455383f400800c498a5d2993d4691b3b7a6066a8cfc5c5f6953064a4c/logbook-1.8.1-cp313-cp313-macosx_10_13_universal2.whl", hash = "sha256:d094397b624aa70656a8575230fd9b8373dd9c978dfc912691e5227cb3c804fc", size = 195645 },
    { url = "https://files.pythonhosted.org/packages/8c/2a/c328c7a27206ec1d9940120a9a476df5f488dfa9aa95c8a0474b8f3a2277/logbook-1.8.1-cp313-cp313-macosx_10_13_x86_64.whl", hash = "sha256:a4d30983ac1dce2f09d9acbf86ecf78696158148354162faff26c575b3a52ec7", size = 132123 },
    { url = "https://files.pythonhosted.org/packages/6e/f5/7c33fa19f04525fc6e287ef80b220c5bb3d3d62f6c40ce055c43c45be770/logbook-1.8.1-cp313-cp313-macosx_11_0_arm64.whl", hash = "sha256:a6c0d52293645aa46b2edfe7da8d61cf7839955d4ccf073c615972b55a44cefc", size = 127914 },
    { url = "https://files.pythonhosted.org/packages/fa/c2/0d65ade0c7962f87b28ac802dbd9ad2b58e2fdf10e14d3dd8279d436026d/logbook-1.8.1-cp313-cp313-manylinux_2_5_x86_64.manylinux1_x86_64.manylinux_2_17_x86_64.manylinux2014_x86_64.whl", hash = "sha256:95e7a7ba8610f0fd49e04e8cd2ac986d9e27cf1d232633d46563de1e0aeadacb", size = 515935 },
    { url = "https://files.pythonhosted.org/packages/51/c7/6f16628748a96cabdbe5825bf1fed4ec7e83ab2e730008561ed85ca079e2/logbook-1.8.1-cp313-cp313-musllinux_1_2_x86_64.whl", hash = "sha256:2ee8107845319fc0f974a86af8b029b555a1488616c979ba42245c18278178af", size = 512147 },
    { url = "https://files.pythonhosted.org/packages/b4/3a/e2ee5456154ad3bfc91c4bb25c8ea2f8c99ce6056e49176289d7f4ea1562/logbook-1.8.1-cp313-cp313-win32.whl", hash = "sha256:db7213329c72f85d78d3c806d30c31b4e76c9da72eea98be4f986f581fd18ed9", size = 116005 },
    { url = "https://files.pythonhosted.org/packages/19/22/aae1b4e6ba5aa27b368dd29870f92d1f0594277b33181aeddd8ccd895a2b/logbook-1.8.1-cp313-cp313-win_amd64.whl", hash = "sha256:084265d5ccf48c9259b49477bbf30913f405c2812b96f739d5feebea828cc275", size = 124448 },
]

[[package]]
name = "lunr"
version = "0.8.0"
source = { registry = "https://pypi.org/simple" }
sdist = { url = "https://files.pythonhosted.org/packages/43/e9/b3dee02312eaa2a1b3212b6e20a90a81adba489b404d4f0ffbbe8258b761/lunr-0.8.0.tar.gz", hash = "sha256:b46cf5059578d277a14bfc901bb3d5666d013bf73c035331ac0222fdac358228", size = 1147598 }
wheels = [
    { url = "https://files.pythonhosted.org/packages/6c/8b/bf975fabd26195915ebdf3e4252baa936f1863bcd9eb49598b705638f5d5/lunr-0.8.0-py3-none-any.whl", hash = "sha256:a2bc4e08dbb35b32723006bf2edbe6dc1f4f4b95955eea0d23165a184d276ce8", size = 35211 },
]

[[package]]
name = "mypy"
version = "1.17.0"
source = { registry = "https://pypi.org/simple" }
dependencies = [
    { name = "mypy-extensions" },
    { name = "pathspec" },
    { name = "typing-extensions" },
]
sdist = { url = "https://files.pythonhosted.org/packages/1e/e3/034322d5a779685218ed69286c32faa505247f1f096251ef66c8fd203b08/mypy-1.17.0.tar.gz", hash = "sha256:e5d7ccc08ba089c06e2f5629c660388ef1fee708444f1dee0b9203fa031dee03", size = 3352114 }
wheels = [
    { url = "https://files.pythonhosted.org/packages/12/e9/e6824ed620bbf51d3bf4d6cbbe4953e83eaf31a448d1b3cfb3620ccb641c/mypy-1.17.0-cp312-cp312-macosx_10_13_x86_64.whl", hash = "sha256:f986f1cab8dbec39ba6e0eaa42d4d3ac6686516a5d3dccd64be095db05ebc6bb", size = 11086395 },
    { url = "https://files.pythonhosted.org/packages/ba/51/a4afd1ae279707953be175d303f04a5a7bd7e28dc62463ad29c1c857927e/mypy-1.17.0-cp312-cp312-macosx_11_0_arm64.whl", hash = "sha256:51e455a54d199dd6e931cd7ea987d061c2afbaf0960f7f66deef47c90d1b304d", size = 10120052 },
    { url = "https://files.pythonhosted.org/packages/8a/71/19adfeac926ba8205f1d1466d0d360d07b46486bf64360c54cb5a2bd86a8/mypy-1.17.0-cp312-cp312-manylinux2014_aarch64.manylinux_2_17_aarch64.manylinux_2_28_aarch64.whl", hash = "sha256:3204d773bab5ff4ebbd1f8efa11b498027cd57017c003ae970f310e5b96be8d8", size = 11861806 },
    { url = "https://files.pythonhosted.org/packages/0b/64/d6120eca3835baf7179e6797a0b61d6c47e0bc2324b1f6819d8428d5b9ba/mypy-1.17.0-cp312-cp312-manylinux2014_x86_64.manylinux_2_17_x86_64.manylinux_2_28_x86_64.whl", hash = "sha256:1051df7ec0886fa246a530ae917c473491e9a0ba6938cfd0ec2abc1076495c3e", size = 12744371 },
    { url = "https://files.pythonhosted.org/packages/1f/dc/56f53b5255a166f5bd0f137eed960e5065f2744509dfe69474ff0ba772a5/mypy-1.17.0-cp312-cp312-musllinux_1_2_x86_64.whl", hash = "sha256:f773c6d14dcc108a5b141b4456b0871df638eb411a89cd1c0c001fc4a9d08fc8", size = 12914558 },
    { url = "https://files.pythonhosted.org/packages/69/ac/070bad311171badc9add2910e7f89271695a25c136de24bbafc7eded56d5/mypy-1.17.0-cp312-cp312-win_amd64.whl", hash = "sha256:1619a485fd0e9c959b943c7b519ed26b712de3002d7de43154a489a2d0fd817d", size = 9585447 },
    { url = "https://files.pythonhosted.org/packages/be/7b/5f8ab461369b9e62157072156935cec9d272196556bdc7c2ff5f4c7c0f9b/mypy-1.17.0-cp313-cp313-macosx_10_13_x86_64.whl", hash = "sha256:2c41aa59211e49d717d92b3bb1238c06d387c9325d3122085113c79118bebb06", size = 11070019 },
    { url = "https://files.pythonhosted.org/packages/9c/f8/c49c9e5a2ac0badcc54beb24e774d2499748302c9568f7f09e8730e953fa/mypy-1.17.0-cp313-cp313-macosx_11_0_arm64.whl", hash = "sha256:0e69db1fb65b3114f98c753e3930a00514f5b68794ba80590eb02090d54a5d4a", size = 10114457 },
    { url = "https://files.pythonhosted.org/packages/89/0c/fb3f9c939ad9beed3e328008b3fb90b20fda2cddc0f7e4c20dbefefc3b33/mypy-1.17.0-cp313-cp313-manylinux2014_aarch64.manylinux_2_17_aarch64.manylinux_2_28_aarch64.whl", hash = "sha256:03ba330b76710f83d6ac500053f7727270b6b8553b0423348ffb3af6f2f7b889", size = 11857838 },
    { url = "https://files.pythonhosted.org/packages/4c/66/85607ab5137d65e4f54d9797b77d5a038ef34f714929cf8ad30b03f628df/mypy-1.17.0-cp313-cp313-manylinux2014_x86_64.manylinux_2_17_x86_64.manylinux_2_28_x86_64.whl", hash = "sha256:037bc0f0b124ce46bfde955c647f3e395c6174476a968c0f22c95a8d2f589bba", size = 12731358 },
    { url = "https://files.pythonhosted.org/packages/73/d0/341dbbfb35ce53d01f8f2969facbb66486cee9804048bf6c01b048127501/mypy-1.17.0-cp313-cp313-musllinux_1_2_x86_64.whl", hash = "sha256:c38876106cb6132259683632b287238858bd58de267d80defb6f418e9ee50658", size = 12917480 },
    { url = "https://files.pythonhosted.org/packages/64/63/70c8b7dbfc520089ac48d01367a97e8acd734f65bd07813081f508a8c94c/mypy-1.17.0-cp313-cp313-win_amd64.whl", hash = "sha256:d30ba01c0f151998f367506fab31c2ac4527e6a7b2690107c7a7f9e3cb419a9c", size = 9589666 },
    { url = "https://files.pythonhosted.org/packages/e3/fc/ee058cc4316f219078464555873e99d170bde1d9569abd833300dbeb484a/mypy-1.17.0-py3-none-any.whl", hash = "sha256:15d9d0018237ab058e5de3d8fce61b6fa72cc59cc78fd91f1b474bce12abf496", size = 2283195 },
]

[[package]]
name = "mypy-extensions"
version = "1.1.0"
source = { registry = "https://pypi.org/simple" }
sdist = { url = "https://files.pythonhosted.org/packages/a2/6e/371856a3fb9d31ca8dac321cda606860fa4548858c0cc45d9d1d4ca2628b/mypy_extensions-1.1.0.tar.gz", hash = "sha256:52e68efc3284861e772bbcd66823fde5ae21fd2fdb51c62a211403730b916558", size = 6343 }
wheels = [
    { url = "https://files.pythonhosted.org/packages/79/7b/2c79738432f5c924bef5071f933bcc9efd0473bac3b4aa584a6f7c1c8df8/mypy_extensions-1.1.0-py3-none-any.whl", hash = "sha256:1be4cccdb0f2482337c4743e60421de3a356cd97508abadd57d47403e94f5505", size = 4963 },
]

[[package]]
name = "packaging"
version = "24.2"
source = { registry = "https://pypi.org/simple" }
sdist = { url = "https://files.pythonhosted.org/packages/d0/63/68dbb6eb2de9cb10ee4c9c14a0148804425e13c4fb20d61cce69f53106da/packaging-24.2.tar.gz", hash = "sha256:c228a6dc5e932d346bc5739379109d49e8853dd8223571c7c5b55260edc0b97f", size = 163950 }
wheels = [
    { url = "https://files.pythonhosted.org/packages/88/ef/eb23f262cca3c0c4eb7ab1933c3b1f03d021f2c48f54763065b6f0e321be/packaging-24.2-py3-none-any.whl", hash = "sha256:09abb1bccd265c01f4a3aa3f7a7db064b36514d2cba19a2f694fe6150451a759", size = 65451 },
]

[[package]]
name = "pathspec"
version = "0.12.1"
source = { registry = "https://pypi.org/simple" }
sdist = { url = "https://files.pythonhosted.org/packages/ca/bc/f35b8446f4531a7cb215605d100cd88b7ac6f44ab3fc94870c120ab3adbf/pathspec-0.12.1.tar.gz", hash = "sha256:a482d51503a1ab33b1c67a6c3813a26953dbdc71c31dacaef9a838c4e29f5712", size = 51043 }
wheels = [
    { url = "https://files.pythonhosted.org/packages/cc/20/ff623b09d963f88bfde16306a54e12ee5ea43e9b597108672ff3a408aad6/pathspec-0.12.1-py3-none-any.whl", hash = "sha256:a0d503e138a4c123b27490a4f7beda6a01c6f288df0e4a8b79c7eb0dc7b4cc08", size = 31191 },
]

[[package]]
name = "pluggy"
version = "1.5.0"
source = { registry = "https://pypi.org/simple" }
sdist = { url = "https://files.pythonhosted.org/packages/96/2d/02d4312c973c6050a18b314a5ad0b3210edb65a906f868e31c111dede4a6/pluggy-1.5.0.tar.gz", hash = "sha256:2cffa88e94fdc978c4c574f15f9e59b7f4201d439195c3715ca9e2486f1d0cf1", size = 67955 }
wheels = [
    { url = "https://files.pythonhosted.org/packages/88/5f/e351af9a41f866ac3f1fac4ca0613908d9a41741cfcf2228f4ad853b697d/pluggy-1.5.0-py3-none-any.whl", hash = "sha256:44e1ad92c8ca002de6377e165f3e0f1be63266ab4d554740532335b9d75ea669", size = 20556 },
]

[[package]]
name = "pydantic"
version = "2.11.1"
source = { registry = "https://pypi.org/simple" }
dependencies = [
    { name = "annotated-types" },
    { name = "pydantic-core" },
    { name = "typing-extensions" },
    { name = "typing-inspection" },
]
sdist = { url = "https://files.pythonhosted.org/packages/93/a3/698b87a4d4d303d7c5f62ea5fbf7a79cab236ccfbd0a17847b7f77f8163e/pydantic-2.11.1.tar.gz", hash = "sha256:442557d2910e75c991c39f4b4ab18963d57b9b55122c8b2a9cd176d8c29ce968", size = 782817 }
wheels = [
    { url = "https://files.pythonhosted.org/packages/cc/12/f9221a949f2419e2e23847303c002476c26fbcfd62dc7f3d25d0bec5ca99/pydantic-2.11.1-py3-none-any.whl", hash = "sha256:5b6c415eee9f8123a14d859be0c84363fec6b1feb6b688d6435801230b56e0b8", size = 442648 },
]

[[package]]
name = "pydantic-core"
version = "2.33.0"
source = { registry = "https://pypi.org/simple" }
dependencies = [
    { name = "typing-extensions" },
]
sdist = { url = "https://files.pythonhosted.org/packages/b9/05/91ce14dfd5a3a99555fce436318cc0fd1f08c4daa32b3248ad63669ea8b4/pydantic_core-2.33.0.tar.gz", hash = "sha256:40eb8af662ba409c3cbf4a8150ad32ae73514cd7cb1f1a2113af39763dd616b3", size = 434080 }
wheels = [
    { url = "https://files.pythonhosted.org/packages/a9/c4/c9381323cbdc1bb26d352bc184422ce77c4bc2f2312b782761093a59fafc/pydantic_core-2.33.0-cp312-cp312-macosx_10_12_x86_64.whl", hash = "sha256:6c32a40712e3662bebe524abe8abb757f2fa2000028d64cc5a1006016c06af43", size = 2025127 },
    { url = "https://files.pythonhosted.org/packages/6f/bd/af35278080716ecab8f57e84515c7dc535ed95d1c7f52c1c6f7b313a9dab/pydantic_core-2.33.0-cp312-cp312-macosx_11_0_arm64.whl", hash = "sha256:8ec86b5baa36f0a0bfb37db86c7d52652f8e8aa076ab745ef7725784183c3fdd", size = 1851687 },
    { url = "https://files.pythonhosted.org/packages/12/e4/a01461225809c3533c23bd1916b1e8c2e21727f0fea60ab1acbffc4e2fca/pydantic_core-2.33.0-cp312-cp312-manylinux_2_17_aarch64.manylinux2014_aarch64.whl", hash = "sha256:4deac83a8cc1d09e40683be0bc6d1fa4cde8df0a9bf0cda5693f9b0569ac01b6", size = 1892232 },
    { url = "https://files.pythonhosted.org/packages/51/17/3d53d62a328fb0a49911c2962036b9e7a4f781b7d15e9093c26299e5f76d/pydantic_core-2.33.0-cp312-cp312-manylinux_2_17_armv7l.manylinux2014_armv7l.whl", hash = "sha256:175ab598fb457a9aee63206a1993874badf3ed9a456e0654273e56f00747bbd6", size = 1977896 },
    { url = "https://files.pythonhosted.org/packages/30/98/01f9d86e02ec4a38f4b02086acf067f2c776b845d43f901bd1ee1c21bc4b/pydantic_core-2.33.0-cp312-cp312-manylinux_2_17_ppc64le.manylinux2014_ppc64le.whl", hash = "sha256:5f36afd0d56a6c42cf4e8465b6441cf546ed69d3a4ec92724cc9c8c61bd6ecf4", size = 2127717 },
    { url = "https://files.pythonhosted.org/packages/3c/43/6f381575c61b7c58b0fd0b92134c5a1897deea4cdfc3d47567b3ff460a4e/pydantic_core-2.33.0-cp312-cp312-manylinux_2_17_s390x.manylinux2014_s390x.whl", hash = "sha256:0a98257451164666afafc7cbf5fb00d613e33f7e7ebb322fbcd99345695a9a61", size = 2680287 },
    { url = "https://files.pythonhosted.org/packages/01/42/c0d10d1451d161a9a0da9bbef023b8005aa26e9993a8cc24dc9e3aa96c93/pydantic_core-2.33.0-cp312-cp312-manylinux_2_17_x86_64.manylinux2014_x86_64.whl", hash = "sha256:ecc6d02d69b54a2eb83ebcc6f29df04957f734bcf309d346b4f83354d8376862", size = 2008276 },
    { url = "https://files.pythonhosted.org/packages/20/ca/e08df9dba546905c70bae44ced9f3bea25432e34448d95618d41968f40b7/pydantic_core-2.33.0-cp312-cp312-manylinux_2_5_i686.manylinux1_i686.whl", hash = "sha256:1a69b7596c6603afd049ce7f3835bcf57dd3892fc7279f0ddf987bebed8caa5a", size = 2115305 },
    { url = "https://files.pythonhosted.org/packages/03/1f/9b01d990730a98833113581a78e595fd40ed4c20f9693f5a658fb5f91eff/pydantic_core-2.33.0-cp312-cp312-musllinux_1_1_aarch64.whl", hash = "sha256:ea30239c148b6ef41364c6f51d103c2988965b643d62e10b233b5efdca8c0099", size = 2068999 },
    { url = "https://files.pythonhosted.org/packages/20/18/fe752476a709191148e8b1e1139147841ea5d2b22adcde6ee6abb6c8e7cf/pydantic_core-2.33.0-cp312-cp312-musllinux_1_1_armv7l.whl", hash = "sha256:abfa44cf2f7f7d7a199be6c6ec141c9024063205545aa09304349781b9a125e6", size = 2241488 },
    { url = "https://files.pythonhosted.org/packages/81/22/14738ad0a0bf484b928c9e52004f5e0b81dd8dabbdf23b843717b37a71d1/pydantic_core-2.33.0-cp312-cp312-musllinux_1_1_x86_64.whl", hash = "sha256:20d4275f3c4659d92048c70797e5fdc396c6e4446caf517ba5cad2db60cd39d3", size = 2248430 },
    { url = "https://files.pythonhosted.org/packages/e8/27/be7571e215ac8d321712f2433c445b03dbcd645366a18f67b334df8912bc/pydantic_core-2.33.0-cp312-cp312-win32.whl", hash = "sha256:918f2013d7eadea1d88d1a35fd4a1e16aaf90343eb446f91cb091ce7f9b431a2", size = 1908353 },
    { url = "https://files.pythonhosted.org/packages/be/3a/be78f28732f93128bd0e3944bdd4b3970b389a1fbd44907c97291c8dcdec/pydantic_core-2.33.0-cp312-cp312-win_amd64.whl", hash = "sha256:aec79acc183865bad120b0190afac467c20b15289050648b876b07777e67ea48", size = 1955956 },
    { url = "https://files.pythonhosted.org/packages/21/26/b8911ac74faa994694b76ee6a22875cc7a4abea3c381fdba4edc6c6bef84/pydantic_core-2.33.0-cp312-cp312-win_arm64.whl", hash = "sha256:5461934e895968655225dfa8b3be79e7e927e95d4bd6c2d40edd2fa7052e71b6", size = 1903259 },
    { url = "https://files.pythonhosted.org/packages/79/20/de2ad03ce8f5b3accf2196ea9b44f31b0cd16ac6e8cfc6b21976ed45ec35/pydantic_core-2.33.0-cp313-cp313-macosx_10_12_x86_64.whl", hash = "sha256:f00e8b59e1fc8f09d05594aa7d2b726f1b277ca6155fc84c0396db1b373c4555", size = 2032214 },
    { url = "https://files.pythonhosted.org/packages/f9/af/6817dfda9aac4958d8b516cbb94af507eb171c997ea66453d4d162ae8948/pydantic_core-2.33.0-cp313-cp313-macosx_11_0_arm64.whl", hash = "sha256:1a73be93ecef45786d7d95b0c5e9b294faf35629d03d5b145b09b81258c7cd6d", size = 1852338 },
    { url = "https://files.pythonhosted.org/packages/44/f3/49193a312d9c49314f2b953fb55740b7c530710977cabe7183b8ef111b7f/pydantic_core-2.33.0-cp313-cp313-manylinux_2_17_aarch64.manylinux2014_aarch64.whl", hash = "sha256:ff48a55be9da6930254565ff5238d71d5e9cd8c5487a191cb85df3bdb8c77365", size = 1896913 },
    { url = "https://files.pythonhosted.org/packages/06/e0/c746677825b2e29a2fa02122a8991c83cdd5b4c5f638f0664d4e35edd4b2/pydantic_core-2.33.0-cp313-cp313-manylinux_2_17_armv7l.manylinux2014_armv7l.whl", hash = "sha256:26a4ea04195638dcd8c53dadb545d70badba51735b1594810e9768c2c0b4a5da", size = 1986046 },
    { url = "https://files.pythonhosted.org/packages/11/ec/44914e7ff78cef16afb5e5273d480c136725acd73d894affdbe2a1bbaad5/pydantic_core-2.33.0-cp313-cp313-manylinux_2_17_ppc64le.manylinux2014_ppc64le.whl", hash = "sha256:41d698dcbe12b60661f0632b543dbb119e6ba088103b364ff65e951610cb7ce0", size = 2128097 },
    { url = "https://files.pythonhosted.org/packages/fe/f5/c6247d424d01f605ed2e3802f338691cae17137cee6484dce9f1ac0b872b/pydantic_core-2.33.0-cp313-cp313-manylinux_2_17_s390x.manylinux2014_s390x.whl", hash = "sha256:ae62032ef513fe6281ef0009e30838a01057b832dc265da32c10469622613885", size = 2681062 },
    { url = "https://files.pythonhosted.org/packages/f0/85/114a2113b126fdd7cf9a9443b1b1fe1b572e5bd259d50ba9d5d3e1927fa9/pydantic_core-2.33.0-cp313-cp313-manylinux_2_17_x86_64.manylinux2014_x86_64.whl", hash = "sha256:f225f3a3995dbbc26affc191d0443c6c4aa71b83358fd4c2b7d63e2f6f0336f9", size = 2007487 },
    { url = "https://files.pythonhosted.org/packages/e6/40/3c05ed28d225c7a9acd2b34c5c8010c279683a870219b97e9f164a5a8af0/pydantic_core-2.33.0-cp313-cp313-manylinux_2_5_i686.manylinux1_i686.whl", hash = "sha256:5bdd36b362f419c78d09630cbaebc64913f66f62bda6d42d5fbb08da8cc4f181", size = 2121382 },
    { url = "https://files.pythonhosted.org/packages/8a/22/e70c086f41eebd323e6baa92cc906c3f38ddce7486007eb2bdb3b11c8f64/pydantic_core-2.33.0-cp313-cp313-musllinux_1_1_aarch64.whl", hash = "sha256:2a0147c0bef783fd9abc9f016d66edb6cac466dc54a17ec5f5ada08ff65caf5d", size = 2072473 },
    { url = "https://files.pythonhosted.org/packages/3e/84/d1614dedd8fe5114f6a0e348bcd1535f97d76c038d6102f271433cd1361d/pydantic_core-2.33.0-cp313-cp313-musllinux_1_1_armv7l.whl", hash = "sha256:c860773a0f205926172c6644c394e02c25421dc9a456deff16f64c0e299487d3", size = 2249468 },
    { url = "https://files.pythonhosted.org/packages/b0/c0/787061eef44135e00fddb4b56b387a06c303bfd3884a6df9bea5cb730230/pydantic_core-2.33.0-cp313-cp313-musllinux_1_1_x86_64.whl", hash = "sha256:138d31e3f90087f42aa6286fb640f3c7a8eb7bdae829418265e7e7474bd2574b", size = 2254716 },
    { url = "https://files.pythonhosted.org/packages/ae/e2/27262eb04963201e89f9c280f1e10c493a7a37bc877e023f31aa72d2f911/pydantic_core-2.33.0-cp313-cp313-win32.whl", hash = "sha256:d20cbb9d3e95114325780f3cfe990f3ecae24de7a2d75f978783878cce2ad585", size = 1916450 },
    { url = "https://files.pythonhosted.org/packages/13/8d/25ff96f1e89b19e0b70b3cd607c9ea7ca27e1dcb810a9cd4255ed6abf869/pydantic_core-2.33.0-cp313-cp313-win_amd64.whl", hash = "sha256:ca1103d70306489e3d006b0f79db8ca5dd3c977f6f13b2c59ff745249431a606", size = 1956092 },
    { url = "https://files.pythonhosted.org/packages/1b/64/66a2efeff657b04323ffcd7b898cb0354d36dae3a561049e092134a83e9c/pydantic_core-2.33.0-cp313-cp313-win_arm64.whl", hash = "sha256:6291797cad239285275558e0a27872da735b05c75d5237bbade8736f80e4c225", size = 1908367 },
    { url = "https://files.pythonhosted.org/packages/52/54/295e38769133363d7ec4a5863a4d579f331728c71a6644ff1024ee529315/pydantic_core-2.33.0-cp313-cp313t-macosx_11_0_arm64.whl", hash = "sha256:7b79af799630af263eca9ec87db519426d8c9b3be35016eddad1832bac812d87", size = 1813331 },
    { url = "https://files.pythonhosted.org/packages/4c/9c/0c8ea02db8d682aa1ef48938abae833c1d69bdfa6e5ec13b21734b01ae70/pydantic_core-2.33.0-cp313-cp313t-manylinux_2_17_x86_64.manylinux2014_x86_64.whl", hash = "sha256:eabf946a4739b5237f4f56d77fa6668263bc466d06a8036c055587c130a46f7b", size = 1986653 },
    { url = "https://files.pythonhosted.org/packages/8e/4f/3fb47d6cbc08c7e00f92300e64ba655428c05c56b8ab6723bd290bae6458/pydantic_core-2.33.0-cp313-cp313t-win_amd64.whl", hash = "sha256:8a1d581e8cdbb857b0e0e81df98603376c1a5c34dc5e54039dcc00f043df81e7", size = 1931234 },
]

[[package]]
name = "pydantic-settings"
version = "2.10.1"
source = { registry = "https://pypi.org/simple" }
dependencies = [
    { name = "pydantic" },
    { name = "python-dotenv" },
    { name = "typing-inspection" },
]
sdist = { url = "https://files.pythonhosted.org/packages/68/85/1ea668bbab3c50071ca613c6ab30047fb36ab0da1b92fa8f17bbc38fd36c/pydantic_settings-2.10.1.tar.gz", hash = "sha256:06f0062169818d0f5524420a360d632d5857b83cffd4d42fe29597807a1614ee", size = 172583 }
wheels = [
    { url = "https://files.pythonhosted.org/packages/58/f0/427018098906416f580e3cf1366d3b1abfb408a0652e9f31600c24a1903c/pydantic_settings-2.10.1-py3-none-any.whl", hash = "sha256:a60952460b99cf661dc25c29c0ef171721f98bfcb52ef8d9ea4c943d7c8cc796", size = 45235 },
]

[[package]]
name = "pytest"
version = "8.3.5"
source = { registry = "https://pypi.org/simple" }
dependencies = [
    { name = "colorama", marker = "sys_platform == 'win32'" },
    { name = "iniconfig" },
    { name = "packaging" },
    { name = "pluggy" },
]
sdist = { url = "https://files.pythonhosted.org/packages/ae/3c/c9d525a414d506893f0cd8a8d0de7706446213181570cdbd766691164e40/pytest-8.3.5.tar.gz", hash = "sha256:f4efe70cc14e511565ac476b57c279e12a855b11f48f212af1080ef2263d3845", size = 1450891 }
wheels = [
    { url = "https://files.pythonhosted.org/packages/30/3d/64ad57c803f1fa1e963a7946b6e0fea4a70df53c1a7fed304586539c2bac/pytest-8.3.5-py3-none-any.whl", hash = "sha256:c69214aa47deac29fad6c2a4f590b9c4a9fdb16a403176fe154b79c0b4d4d820", size = 343634 },
]

[[package]]
name = "python-dotenv"
version = "1.1.1"
source = { registry = "https://pypi.org/simple" }
sdist = { url = "https://files.pythonhosted.org/packages/f6/b0/4bc07ccd3572a2f9df7e6782f52b0c6c90dcbb803ac4a167702d7d0dfe1e/python_dotenv-1.1.1.tar.gz", hash = "sha256:a8a6399716257f45be6a007360200409fce5cda2661e3dec71d23dc15f6189ab", size = 41978 }
wheels = [
    { url = "https://files.pythonhosted.org/packages/5f/ed/539768cf28c661b5b068d66d96a2f155c4971a5d55684a514c1a0e0dec2f/python_dotenv-1.1.1-py3-none-any.whl", hash = "sha256:31f23644fe2602f88ff55e1f5c79ba497e01224ee7737937930c448e4d0e24dc", size = 20556 },
]

[[package]]
name = "ruff"
version = "0.12.5"
source = { registry = "https://pypi.org/simple" }
sdist = { url = "https://files.pythonhosted.org/packages/30/cd/01015eb5034605fd98d829c5839ec2c6b4582b479707f7c1c2af861e8258/ruff-0.12.5.tar.gz", hash = "sha256:b209db6102b66f13625940b7f8c7d0f18e20039bb7f6101fbdac935c9612057e", size = 5170722 }
wheels = [
    { url = "https://files.pythonhosted.org/packages/d4/de/ad2f68f0798ff15dd8c0bcc2889558970d9a685b3249565a937cd820ad34/ruff-0.12.5-py3-none-linux_armv6l.whl", hash = "sha256:1de2c887e9dec6cb31fcb9948299de5b2db38144e66403b9660c9548a67abd92", size = 11819133 },
    { url = "https://files.pythonhosted.org/packages/f8/fc/c6b65cd0e7fbe60f17e7ad619dca796aa49fbca34bb9bea5f8faf1ec2643/ruff-0.12.5-py3-none-macosx_10_12_x86_64.whl", hash = "sha256:d1ab65e7d8152f519e7dea4de892317c9da7a108da1c56b6a3c1d5e7cf4c5e9a", size = 12501114 },
    { url = "https://files.pythonhosted.org/packages/c5/de/c6bec1dce5ead9f9e6a946ea15e8d698c35f19edc508289d70a577921b30/ruff-0.12.5-py3-none-macosx_11_0_arm64.whl", hash = "sha256:962775ed5b27c7aa3fdc0d8f4d4433deae7659ef99ea20f783d666e77338b8cf", size = 11716873 },
    { url = "https://files.pythonhosted.org/packages/a1/16/cf372d2ebe91e4eb5b82a2275c3acfa879e0566a7ac94d331ea37b765ac8/ruff-0.12.5-py3-none-manylinux_2_17_aarch64.manylinux2014_aarch64.whl", hash = "sha256:73b4cae449597e7195a49eb1cdca89fd9fbb16140c7579899e87f4c85bf82f73", size = 11958829 },
    { url = "https://files.pythonhosted.org/packages/25/bf/cd07e8f6a3a6ec746c62556b4c4b79eeb9b0328b362bb8431b7b8afd3856/ruff-0.12.5-py3-none-manylinux_2_17_armv7l.manylinux2014_armv7l.whl", hash = "sha256:8b13489c3dc50de5e2d40110c0cce371e00186b880842e245186ca862bf9a1ac", size = 11626619 },
    { url = "https://files.pythonhosted.org/packages/d8/c9/c2ccb3b8cbb5661ffda6925f81a13edbb786e623876141b04919d1128370/ruff-0.12.5-py3-none-manylinux_2_17_i686.manylinux2014_i686.whl", hash = "sha256:f1504fea81461cf4841778b3ef0a078757602a3b3ea4b008feb1308cb3f23e08", size = 13221894 },
    { url = "https://files.pythonhosted.org/packages/6b/58/68a5be2c8e5590ecdad922b2bcd5583af19ba648f7648f95c51c3c1eca81/ruff-0.12.5-py3-none-manylinux_2_17_ppc64.manylinux2014_ppc64.whl", hash = "sha256:c7da4129016ae26c32dfcbd5b671fe652b5ab7fc40095d80dcff78175e7eddd4", size = 14163909 },
    { url = "https://files.pythonhosted.org/packages/bd/d1/ef6b19622009ba8386fdb792c0743f709cf917b0b2f1400589cbe4739a33/ruff-0.12.5-py3-none-manylinux_2_17_ppc64le.manylinux2014_ppc64le.whl", hash = "sha256:ca972c80f7ebcfd8af75a0f18b17c42d9f1ef203d163669150453f50ca98ab7b", size = 13583652 },
    { url = "https://files.pythonhosted.org/packages/62/e3/1c98c566fe6809a0c83751d825a03727f242cdbe0d142c9e292725585521/ruff-0.12.5-py3-none-manylinux_2_17_s390x.manylinux2014_s390x.whl", hash = "sha256:8dbbf9f25dfb501f4237ae7501d6364b76a01341c6f1b2cd6764fe449124bb2a", size = 12700451 },
    { url = "https://files.pythonhosted.org/packages/24/ff/96058f6506aac0fbc0d0fc0d60b0d0bd746240a0594657a2d94ad28033ba/ruff-0.12.5-py3-none-manylinux_2_17_x86_64.manylinux2014_x86_64.whl", hash = "sha256:2c47dea6ae39421851685141ba9734767f960113d51e83fd7bb9958d5be8763a", size = 12937465 },
    { url = "https://files.pythonhosted.org/packages/eb/d3/68bc5e7ab96c94b3589d1789f2dd6dd4b27b263310019529ac9be1e8f31b/ruff-0.12.5-py3-none-musllinux_1_2_aarch64.whl", hash = "sha256:c5076aa0e61e30f848846f0265c873c249d4b558105b221be1828f9f79903dc5", size = 11771136 },
    { url = "https://files.pythonhosted.org/packages/52/75/7356af30a14584981cabfefcf6106dea98cec9a7af4acb5daaf4b114845f/ruff-0.12.5-py3-none-musllinux_1_2_armv7l.whl", hash = "sha256:a5a4c7830dadd3d8c39b1cc85386e2c1e62344f20766be6f173c22fb5f72f293", size = 11601644 },
    { url = "https://files.pythonhosted.org/packages/c2/67/91c71d27205871737cae11025ee2b098f512104e26ffd8656fd93d0ada0a/ruff-0.12.5-py3-none-musllinux_1_2_i686.whl", hash = "sha256:46699f73c2b5b137b9dc0fc1a190b43e35b008b398c6066ea1350cce6326adcb", size = 12478068 },
    { url = "https://files.pythonhosted.org/packages/34/04/b6b00383cf2f48e8e78e14eb258942fdf2a9bf0287fbf5cdd398b749193a/ruff-0.12.5-py3-none-musllinux_1_2_x86_64.whl", hash = "sha256:5a655a0a0d396f0f072faafc18ebd59adde8ca85fb848dc1b0d9f024b9c4d3bb", size = 12991537 },
    { url = "https://files.pythonhosted.org/packages/3e/b9/053d6445dc7544fb6594785056d8ece61daae7214859ada4a152ad56b6e0/ruff-0.12.5-py3-none-win32.whl", hash = "sha256:dfeb2627c459b0b78ca2bbdc38dd11cc9a0a88bf91db982058b26ce41714ffa9", size = 11751575 },
    { url = "https://files.pythonhosted.org/packages/bc/0f/ab16e8259493137598b9149734fec2e06fdeda9837e6f634f5c4e35916da/ruff-0.12.5-py3-none-win_amd64.whl", hash = "sha256:ae0d90cf5f49466c954991b9d8b953bd093c32c27608e409ae3564c63c5306a5", size = 12882273 },
    { url = "https://files.pythonhosted.org/packages/00/db/c376b0661c24cf770cb8815268190668ec1330eba8374a126ceef8c72d55/ruff-0.12.5-py3-none-win_arm64.whl", hash = "sha256:48cdbfc633de2c5c37d9f090ba3b352d1576b0015bfc3bc98eaf230275b7e805", size = 11951564 },
]

[[package]]
name = "sniffio"
version = "1.3.1"
source = { registry = "https://pypi.org/simple" }
sdist = { url = "https://files.pythonhosted.org/packages/a2/87/a6771e1546d97e7e041b6ae58d80074f81b7d5121207425c964ddf5cfdbd/sniffio-1.3.1.tar.gz", hash = "sha256:f4324edc670a0f49750a81b895f35c3adb843cca46f0530f79fc1babb23789dc", size = 20372 }
wheels = [
    { url = "https://files.pythonhosted.org/packages/e9/44/75a9c9421471a6c4805dbf2356f7c181a29c1879239abab1ea2cc8f38b40/sniffio-1.3.1-py3-none-any.whl", hash = "sha256:2f6da418d1f1e0fddd844478f41680e794e6051915791a034ff65e5f100525a2", size = 10235 },
]

[[package]]
name = "starlette"
version = "0.47.2"
source = { registry = "https://pypi.org/simple" }
dependencies = [
    { name = "anyio" },
    { name = "typing-extensions", marker = "python_full_version < '3.13'" },
]
sdist = { url = "https://files.pythonhosted.org/packages/04/57/d062573f391d062710d4088fa1369428c38d51460ab6fedff920efef932e/starlette-0.47.2.tar.gz", hash = "sha256:6ae9aa5db235e4846decc1e7b79c4f346adf41e9777aebeb49dfd09bbd7023d8", size = 2583948 }
wheels = [
    { url = "https://files.pythonhosted.org/packages/f7/1f/b876b1f83aef204198a42dc101613fefccb32258e5428b5f9259677864b4/starlette-0.47.2-py3-none-any.whl", hash = "sha256:c5847e96134e5c5371ee9fac6fdf1a67336d5815e09eb2a01fdb57a351ef915b", size = 72984 },
]

[[package]]
name = "typing-extensions"
version = "4.13.0"
source = { registry = "https://pypi.org/simple" }
sdist = { url = "https://files.pythonhosted.org/packages/0e/3e/b00a62db91a83fff600de219b6ea9908e6918664899a2d85db222f4fbf19/typing_extensions-4.13.0.tar.gz", hash = "sha256:0a4ac55a5820789d87e297727d229866c9650f6521b64206413c4fbada24d95b", size = 106520 }
wheels = [
    { url = "https://files.pythonhosted.org/packages/e0/86/39b65d676ec5732de17b7e3c476e45bb80ec64eb50737a8dce1a4178aba1/typing_extensions-4.13.0-py3-none-any.whl", hash = "sha256:c8dd92cc0d6425a97c18fbb9d1954e5ff92c1ca881a309c45f06ebc0b79058e5", size = 45683 },
]

[[package]]
name = "typing-inspection"
version = "0.4.0"
source = { registry = "https://pypi.org/simple" }
dependencies = [
    { name = "typing-extensions" },
]
sdist = { url = "https://files.pythonhosted.org/packages/82/5c/e6082df02e215b846b4b8c0b887a64d7d08ffaba30605502639d44c06b82/typing_inspection-0.4.0.tar.gz", hash = "sha256:9765c87de36671694a67904bf2c96e395be9c6439bb6c87b5142569dcdd65122", size = 76222 }
wheels = [
    { url = "https://files.pythonhosted.org/packages/31/08/aa4fdfb71f7de5176385bd9e90852eaf6b5d622735020ad600f2bab54385/typing_inspection-0.4.0-py3-none-any.whl", hash = "sha256:50e72559fcd2a6367a19f7a7e610e6afcb9fac940c650290eed893d61386832f", size = 14125 },
]

[[package]]
name = "unidecode"
version = "1.3.8"
source = { registry = "https://pypi.org/simple" }
sdist = { url = "https://files.pythonhosted.org/packages/f7/89/19151076a006b9ac0dd37b1354e031f5297891ee507eb624755e58e10d3e/Unidecode-1.3.8.tar.gz", hash = "sha256:cfdb349d46ed3873ece4586b96aa75258726e2fa8ec21d6f00a591d98806c2f4", size = 192701 }
wheels = [
    { url = "https://files.pythonhosted.org/packages/84/b7/6ec57841fb67c98f52fc8e4a2d96df60059637cba077edc569a302a8ffc7/Unidecode-1.3.8-py3-none-any.whl", hash = "sha256:d130a61ce6696f8148a3bd8fe779c99adeb4b870584eeb9526584e9aa091fd39", size = 235494 },
]

[[package]]
name = "uvicorn"
version = "0.35.0"
source = { registry = "https://pypi.org/simple" }
dependencies = [
    { name = "click" },
    { name = "h11" },
]
sdist = { url = "https://files.pythonhosted.org/packages/5e/42/e0e305207bb88c6b8d3061399c6a961ffe5fbb7e2aa63c9234df7259e9cd/uvicorn-0.35.0.tar.gz", hash = "sha256:bc662f087f7cf2ce11a1d7fd70b90c9f98ef2e2831556dd078d131b96cc94a01", size = 78473 }
wheels = [
    { url = "https://files.pythonhosted.org/packages/d2/e2/dc81b1bd1dcfe91735810265e9d26bc8ec5da45b4c0f6237e286819194c3/uvicorn-0.35.0-py3-none-any.whl", hash = "sha256:197535216b25ff9b785e29a0b79199f55222193d47f820816e7da751e9bc8d4a", size = 66406 },
]

[[package]]
name = "vietnam-provinces"
version = "2025.8.1"
source = { git = "https://github.com/sunshine-tech/VietnamProvinces.git?rev=28f76fc#28f76fc9ed4911abbe4f8e7f75b77698863461f3" }

[[package]]
name = "vn-open-api-provinces"
version = "0.5.0"
source = { editable = "." }
dependencies = [
    { name = "aiofiles" },
    { name = "fastapi" },
    { name = "fastenumplus" },
    { name = "logbook" },
    { name = "lunr" },
    { name = "pydantic" },
    { name = "pydantic-settings" },
    { name = "unidecode" },
    { name = "uvicorn" },
    { name = "vietnam-provinces" },
]

[package.dev-dependencies]
dev = [
    { name = "mypy" },
    { name = "pytest" },
    { name = "ruff" },
]
lint = [
    { name = "ruff" },
]

[package.metadata]
requires-dist = [
    { name = "aiofiles", specifier = ">=24.1.0" },
    { name = "fastapi", specifier = ">=0.116.1" },
    { name = "fastenumplus", specifier = ">=1.4.0" },
    { name = "logbook", specifier = ">=1.8.1" },
    { name = "lunr", specifier = ">=0.8.0" },
    { name = "pydantic", specifier = ">=2.11.1" },
    { name = "pydantic-settings", specifier = ">=2.10.1" },
    { name = "unidecode", specifier = ">=1.3.8" },
    { name = "uvicorn", specifier = ">=0.35.0" },
    { name = "vietnam-provinces", git = "https://github.com/sunshine-tech/VietnamProvinces.git?rev=28f76fc" },
]

[package.metadata.requires-dev]
dev = [
    { name = "mypy", specifier = ">=1.17.0" },
    { name = "pytest", specifier = ">=8.3.2" },
    { name = "ruff", specifier = ">=0.12.5" },
]
lint = [{ name = "ruff", specifier = ">=0.12.5" }]
